
Microsoft Visual Studio Solution File, Format Version 12.00
# Visual Studio 15
VisualStudioVersion = 15.0.27004.2005
MinimumVisualStudioVersion = 10.0.40219.1
Project("{8BC9CEB8-8B4A-11D0-8D11-00A0C91BC942}") = "CSnake_EasyX", "CSnake_EasyX\CSnake_EasyX.vcxproj", "{14BF3777-9409-410A-81DE-1E047A0E2EBB}"
EndProject
Global
	GlobalSection(SolutionConfigurationPlatforms) = preSolution
		Debug|x64 = Debug|x64
		Debug|x86 = Debug|x86
		Release|x64 = Release|x64
		Release|x86 = Release|x86
	EndGlobalSection
	GlobalSection(ProjectConfigurationPlatforms) = postSolution
		{14BF3777-9409-410A-81DE-1E047A0E2EBB}.Debug|x64.ActiveCfg = Debug|x64
		{14BF3777-9409-410A-81DE-1E047A0E2EBB}.Debug|x64.Build.0 = Debug|x64
		{14BF3777-9409-410A-81DE-1E047A0E2EBB}.Debug|x86.ActiveCfg = Debug|Win32
		{14BF3777-9409-410A-81DE-1E047A0E2EBB}.Debug|x86.Build.0 = Debug|Win32
		{14BF3777-9409-410A-81DE-1E047A0E2EBB}.Release|x64.ActiveCfg = Release|x64
		{14BF3777-9409-410A-81DE-1E047A0E2EBB}.Release|x64.Build.0 = Release|x64
		{14BF3777-9409-410A-81DE-1E047A0E2EBB}.Release|x86.ActiveCfg = Release|Win32
		{14BF3777-9409-410A-81DE-1E047A0E2EBB}.Release|x86.Build.0 = Release|Win32
	EndGlobalSection
	GlobalSection(SolutionProperties) = preSolution
		HideSolutionNode = FALSE
	EndGlobalSection
	GlobalSection(ExtensibilityGlobals) = postSolution
		SolutionGuid = {97C5B011-E298-4FF9-A290-7FA8356CA207}
	EndGlobalSection
EndGlobal
